// !$*UTF8*$!
{
	archiveVersion = 1;
	classes = {
	};
	objectVersion = 77;
	objects = {

/* Begin PBXContainerItemProxy section */
		A38A554A2CD9BC6500F61B59 /* PBXContainerItemProxy */ = {
			isa = PBXContainerItemProxy;
			containerPortal = A38A552C2CD9BC6300F61B59 /* Project object */;
			proxyType = 1;
			remoteGlobalIDString = A38A55332CD9BC6300F61B59;
			remoteInfo = nplusone;
		};
		A38A55542CD9BC6500F61B59 /* PBXContainerItemProxy */ = {
			isa = PBXContainerItemProxy;
			containerPortal = A38A552C2CD9BC6300F61B59 /* Project object */;
			proxyType = 1;
			remoteGlobalIDString = A38A55332CD9BC6300F61B59;
			remoteInfo = nplusone;
		};
/* End PBXContainerItemProxy section */

/* Begin PBXFileReference section */
		A38A55342CD9BC6300F61B59 /* nplusone.app */ = {isa = PBXFileReference; explicitFileType = wrapper.application; includeInIndex = 0; path = nplusone.app; sourceTree = BUILT_PRODUCTS_DIR; };
		A38A55492CD9BC6500F61B59 /* nplusoneTests.xctest */ = {isa = PBXFileReference; explicitFileType = wrapper.cfbundle; includeInIndex = 0; path = nplusoneTests.xctest; sourceTree = BUILT_PRODUCTS_DIR; };
		A38A55532CD9BC6500F61B59 /* nplusoneUITests.xctest */ = {isa = PBXFileReference; explicitFileType = wrapper.cfbundle; includeInIndex = 0; path = nplusoneUITests.xctest; sourceTree = BUILT_PRODUCTS_DIR; };
/* End PBXFileReference section */

/* Begin PBXFileSystemSynchronizedRootGroup section */
		A38A55362CD9BC6300F61B59 /* nplusone */ = {
			isa = PBXFileSystemSynchronizedRootGroup;
			path = nplusone;
			sourceTree = "<group>";
		};
		A38A554C2CD9BC6500F61B59 /* nplusoneTests */ = {
			isa = PBXFileSystemSynchronizedRootGroup;
			path = nplusoneTests;
			sourceTree = "<group>";
		};
		A38A55562CD9BC6500F61B59 /* nplusoneUITests */ = {
			isa = PBXFileSystemSynchronizedRootGroup;
			path = nplusoneUITests;
			sourceTree = "<group>";
		};
/* End PBXFileSystemSynchronizedRootGroup section */

/* Begin PBXFrameworksBuildPhase section */
		A38A55312CD9BC6300F61B59 /* Frameworks */ = {
			isa = PBXFrameworksBuildPhase;
			buildActionMask = 2147483647;
			files = (
			);
			runOnlyForDeploymentPostprocessing = 0;
		};
		A38A55462CD9BC6500F61B59 /* Frameworks */ = {
			isa = PBXFrameworksBuildPhase;
			buildActionMask = 2147483647;
			files = (
			);
			runOnlyForDeploymentPostprocessing = 0;
		};
		A38A55502CD9BC6500F61B59 /* Frameworks */ = {
			isa = PBXFrameworksBuildPhase;
			buildActionMask = 2147483647;
			files = (
			);
			runOnlyForDeploymentPostprocessing = 0;
		};
/* End PBXFrameworksBuildPhase section */

/* Begin PBXGroup section */
		A38A552B2CD9BC6300F61B59 = {
			isa = PBXGroup;
			children = (
				A38A55362CD9BC6300F61B59 /* nplusone */,
				A38A554C2CD9BC6500F61B59 /* nplusoneTests */,
				A38A55562CD9BC6500F61B59 /* nplusoneUITests */,
				A38A55352CD9BC6300F61B59 /* Products */,
			);
			sourceTree = "<group>";
		};
		A38A55352CD9BC6300F61B59 /* Products */ = {
			isa = PBXGroup;
			children = (
				A38A55342CD9BC6300F61B59 /* nplusone.app */,
				A38A55492CD9BC6500F61B59 /* nplusoneTests.xctest */,
				A38A55532CD9BC6500F61B59 /* nplusoneUITests.xctest */,
			);
			name = Products;
			sourceTree = "<group>";
		};
/* End PBXGroup section */

/* Begin PBXNativeTarget section */
		A38A55332CD9BC6300F61B59 /* nplusone */ = {
			isa = PBXNativeTarget;
			buildConfigurationList = A38A555D2CD9BC6500F61B59 /* Build configuration list for PBXNativeTarget "nplusone" */;
			buildPhases = (
				A38A55302CD9BC6300F61B59 /* Sources */,
				A38A55312CD9BC6300F61B59 /* Frameworks */,
				A38A55322CD9BC6300F61B59 /* Resources */,
			);
			buildRules = (
			);
			dependencies = (
			);
			fileSystemSynchronizedGroups = (
				A38A55362CD9BC6300F61B59 /* nplusone */,
			);
			name = nplusone;
			packageProductDependencies = (
			);
			productName = nplusone;
			productReference = A38A55342CD9BC6300F61B59 /* nplusone.app */;
			productType = "com.apple.product-type.application";
		};
		A38A55482CD9BC6500F61B59 /* nplusoneTests */ = {
			isa = PBXNativeTarget;
			buildConfigurationList = A38A55602CD9BC6500F61B59 /* Build configuration list for PBXNativeTarget "nplusoneTests" */;
			buildPhases = (
				A38A55452CD9BC6500F61B59 /* Sources */,
				A38A55462CD9BC6500F61B59 /* Frameworks */,
				A38A55472CD9BC6500F61B59 /* Resources */,
			);
			buildRules = (
			);
			dependencies = (
				A38A554B2CD9BC6500F61B59 /* PBXTargetDependency */,
			);
			fileSystemSynchronizedGroups = (
				A38A554C2CD9BC6500F61B59 /* nplusoneTests */,
			);
			name = nplusoneTests;
			packageProductDependencies = (
			);
			productName = nplusoneTests;
			productReference = A38A55492CD9BC6500F61B59 /* nplusoneTests.xctest */;
			productType = "com.apple.product-type.bundle.unit-test";
		};
		A38A55522CD9BC6500F61B59 /* nplusoneUITests */ = {
			isa = PBXNativeTarget;
			buildConfigurationList = A38A55632CD9BC6500F61B59 /* Build configuration list for PBXNativeTarget "nplusoneUITests" */;
			buildPhases = (
				A38A554F2CD9BC6500F61B59 /* Sources */,
				A38A55502CD9BC6500F61B59 /* Frameworks */,
				A38A55512CD9BC6500F61B59 /* Resources */,
			);
			buildRules = (
			);
			dependencies = (
				A38A55552CD9BC6500F61B59 /* PBXTargetDependency */,
			);
			fileSystemSynchronizedGroups = (
				A38A55562CD9BC6500F61B59 /* nplusoneUITests */,
			);
			name = nplusoneUITests;
			packageProductDependencies = (
			);
			productName = nplusoneUITests;
			productReference = A38A55532CD9BC6500F61B59 /* nplusoneUITests.xctest */;
			productType = "com.apple.product-type.bundle.ui-testing";
		};
/* End PBXNativeTarget section */

/* Begin PBXProject section */
		A38A552C2CD9BC6300F61B59 /* Project object */ = {
			isa = PBXProject;
			attributes = {
				BuildIndependentTargetsInParallel = 1;
				LastSwiftUpdateCheck = 1610;
				LastUpgradeCheck = 1610;
				TargetAttributes = {
					A38A55332CD9BC6300F61B59 = {
						CreatedOnToolsVersion = 16.1;
					};
					A38A55482CD9BC6500F61B59 = {
						CreatedOnToolsVersion = 16.1;
						TestTargetID = A38A55332CD9BC6300F61B59;
					};
					A38A55522CD9BC6500F61B59 = {
						CreatedOnToolsVersion = 16.1;
						TestTargetID = A38A55332CD9BC6300F61B59;
					};
				};
			};
			buildConfigurationList = A38A552F2CD9BC6300F61B59 /* Build configuration list for PBXProject "nplusone" */;
			developmentRegion = en;
			hasScannedForEncodings = 0;
			knownRegions = (
				en,
				Base,
			);
			mainGroup = A38A552B2CD9BC6300F61B59;
			minimizedProjectReferenceProxies = 1;
			preferredProjectObjectVersion = 77;
			productRefGroup = A38A55352CD9BC6300F61B59 /* Products */;
			projectDirPath = "";
			projectRoot = "";
			targets = (
				A38A55332CD9BC6300F61B59 /* nplusone */,
				A38A55482CD9BC6500F61B59 /* nplusoneTests */,
				A38A55522CD9BC6500F61B59 /* nplusoneUITests */,
			);
		};
/* End PBXProject section */

/* Begin PBXResourcesBuildPhase section */
		A38A55322CD9BC6300F61B59 /* Resources */ = {
			isa = PBXResourcesBuildPhase;
			buildActionMask = 2147483647;
			files = (
			);
			runOnlyForDeploymentPostprocessing = 0;
		};
		A38A55472CD9BC6500F61B59 /* Resources */ = {
			isa = PBXResourcesBuildPhase;
			buildActionMask = 2147483647;
			files = (
			);
			runOnlyForDeploymentPostprocessing = 0;
		};
		A38A55512CD9BC6500F61B59 /* Resources */ = {
			isa = PBXResourcesBuildPhase;
			buildActionMask = 2147483647;
			files = (
			);
			runOnlyForDeploymentPostprocessing = 0;
		};
/* End PBXResourcesBuildPhase section */

/* Begin PBXSourcesBuildPhase section */
		A38A55302CD9BC6300F61B59 /* Sources */ = {
			isa = PBXSourcesBuildPhase;
			buildActionMask = 2147483647;
			files = (
			);
			runOnlyForDeploymentPostprocessing = 0;
		};
		A38A55452CD9BC6500F61B59 /* Sources */ = {
			isa = PBXSourcesBuildPhase;
			buildActionMask = 2147483647;
			files = (
			);
			runOnlyForDeploymentPostprocessing = 0;
		};
		A38A554F2CD9BC6500F61B59 /* Sources */ = {
			isa = PBXSourcesBuildPhase;
			buildActionMask = 2147483647;
			files = (
			);
			runOnlyForDeploymentPostprocessing = 0;
		};
/* End PBXSourcesBuildPhase section */

/* Begin PBXTargetDependency section */
		A38A554B2CD9BC6500F61B59 /* PBXTargetDependency */ = {
			isa = PBXTargetDependency;
			target = A38A55332CD9BC6300F61B59 /* nplusone */;
			targetProxy = A38A554A2CD9BC6500F61B59 /* PBXContainerItemProxy */;
		};
		A38A55552CD9BC6500F61B59 /* PBXTargetDependency */ = {
			isa = PBXTargetDependency;
			target = A38A55332CD9BC6300F61B59 /* nplusone */;
			targetProxy = A38A55542CD9BC6500F61B59 /* PBXContainerItemProxy */;
		};
/* End PBXTargetDependency section */

/* Begin XCBuildConfiguration section */
		A38A555B2CD9BC6500F61B59 /* Debug */ = {
			isa = XCBuildConfiguration;
			buildSettings = {
				ALWAYS_SEARCH_USER_PATHS = NO;
				ASSETCATALOG_COMPILER_GENERATE_SWIFT_ASSET_SYMBOL_EXTENSIONS = YES;
				CLANG_ANALYZER_NONNULL = YES;
				CLANG_ANALYZER_NUMBER_OBJECT_CONVERSION = YES_AGGRESSIVE;
				CLANG_CXX_LANGUAGE_STANDARD = "gnu++20";
				CLANG_ENABLE_MODULES = YES;
				CLANG_ENABLE_OBJC_ARC = YES;
				CLANG_ENABLE_OBJC_WEAK = YES;
				CLANG_WARN_BLOCK_CAPTURE_AUTORELEASING = YES;
				CLANG_WARN_BOOL_CONVERSION = YES;
				CLANG_WARN_COMMA = YES;
				CLANG_WARN_CONSTANT_CONVERSION = YES;
				CLANG_WARN_DEPRECATED_OBJC_IMPLEMENTATIONS = YES;
				CLANG_WARN_DIRECT_OBJC_ISA_USAGE = YES_ERROR;
				CLANG_WARN_DOCUMENTATION_COMMENTS = YES;
				CLANG_WARN_EMPTY_BODY = YES;
				CLANG_WARN_ENUM_CONVERSION = YES;
				CLANG_WARN_INFINITE_RECURSION = YES;
				CLANG_WARN_INT_CONVERSION = YES;
				CLANG_WARN_NON_LITERAL_NULL_CONVERSION = YES;
				CLANG_WARN_OBJC_IMPLICIT_RETAIN_SELF = YES;
				CLANG_WARN_OBJC_LITERAL_CONVERSION = YES;
				CLANG_WARN_OBJC_ROOT_CLASS = YES_ERROR;
				CLANG_WARN_QUOTED_INCLUDE_IN_FRAMEWORK_HEADER = YES;
				CLANG_WARN_RANGE_LOOP_ANALYSIS = YES;
				CLANG_WARN_STRICT_PROTOTYPES = YES;
				CLANG_WARN_SUSPICIOUS_MOVE = YES;
				CLANG_WARN_UNGUARDED_AVAILABILITY = YES_AGGRESSIVE;
				CLANG_WARN_UNREACHABLE_CODE = YES;
				CLANG_WARN__DUPLICATE_METHOD_MATCH = YES;
				COPY_PHASE_STRIP = NO;
				DEBUG_INFORMATION_FORMAT = dwarf;
				ENABLE_STRICT_OBJC_MSGSEND = YES;
				ENABLE_TESTABILITY = YES;
				ENABLE_USER_SCRIPT_SANDBOXING = YES;
				GCC_C_LANGUAGE_STANDARD = gnu17;
				GCC_DYNAMIC_NO_PIC = NO;
				GCC_NO_COMMON_BLOCKS = YES;
				GCC_OPTIMIZATION_LEVEL = 0;
				GCC_PREPROCESSOR_DEFINITIONS = (
					"DEBUG=1",
					"$(inherited)",
				);
				GCC_WARN_64_TO_32_BIT_CONVERSION = YES;
				GCC_WARN_ABOUT_RETURN_TYPE = YES_ERROR;
				GCC_WARN_UNDECLARED_SELECTOR = YES;
				GCC_WARN_UNINITIALIZED_AUTOS = YES_AGGRESSIVE;
				GCC_WARN_UNUSED_FUNCTION = YES;
				GCC_WARN_UNUSED_VARIABLE = YES;
				IPHONEOS_DEPLOYMENT_TARGET = 18.1;
				LOCALIZATION_PREFERS_STRING_CATALOGS = YES;
				MTL_ENABLE_DEBUG_INFO = INCLUDE_SOURCE;
				MTL_FAST_MATH = YES;
				ONLY_ACTIVE_ARCH = YES;
				SDKROOT = iphoneos;
				SWIFT_ACTIVE_COMPILATION_CONDITIONS = "DEBUG $(inherited)";
				SWIFT_OPTIMIZATION_LEVEL = "-Onone";
			};
			name = Debug;
		};
		A38A555C2CD9BC6500F61B59 /* Release */ = {
			isa = XCBuildConfiguration;
			buildSettings = {
				ALWAYS_SEARCH_USER_PATHS = NO;
				ASSETCATALOG_COMPILER_GENERATE_SWIFT_ASSET_SYMBOL_EXTENSIONS = YES;
				CLANG_ANALYZER_NONNULL = YES;
				CLANG_ANALYZER_NUMBER_OBJECT_CONVERSION = YES_AGGRESSIVE;
				CLANG_CXX_LANGUAGE_STANDARD = "gnu++20";
				CLANG_ENABLE_MODULES = YES;
				CLANG_ENABLE_OBJC_ARC = YES;
				CLANG_ENABLE_OBJC_WEAK = YES;
				CLANG_WARN_BLOCK_CAPTURE_AUTORELEASING = YES;
				CLANG_WARN_BOOL_CONVERSION = YES;
				CLANG_WARN_COMMA = YES;
				CLANG_WARN_CONSTANT_CONVERSION = YES;
				CLANG_WARN_DEPRECATED_OBJC_IMPLEMENTATIONS = YES;
				CLANG_WARN_DIRECT_OBJC_ISA_USAGE = YES_ERROR;
				CLANG_WARN_DOCUMENTATION_COMMENTS = YES;
				CLANG_WARN_EMPTY_BODY = YES;
				CLANG_WARN_ENUM_CONVERSION = YES;
				CLANG_WARN_INFINITE_RECURSION = YES;
				CLANG_WARN_INT_CONVERSION = YES;
				CLANG_WARN_NON_LITERAL_NULL_CONVERSION = YES;
				CLANG_WARN_OBJC_IMPLICIT_RETAIN_SELF = YES;
				CLANG_WARN_OBJC_LITERAL_CONVERSION = YES;
				CLANG_WARN_OBJC_ROOT_CLASS = YES_ERROR;
				CLANG_WARN_QUOTED_INCLUDE_IN_FRAMEWORK_HEADER = YES;
				CLANG_WARN_RANGE_LOOP_ANALYSIS = YES;
				CLANG_WARN_STRICT_PROTOTYPES = YES;
				CLANG_WARN_SUSPICIOUS_MOVE = YES;
				CLANG_WARN_UNGUARDED_AVAILABILITY = YES_AGGRESSIVE;
				CLANG_WARN_UNREACHABLE_CODE = YES;
				CLANG_WARN__DUPLICATE_METHOD_MATCH = YES;
				COPY_PHASE_STRIP = NO;
				DEBUG_INFORMATION_FORMAT = "dwarf-with-dsym";
				ENABLE_NS_ASSERTIONS = NO;
				ENABLE_STRICT_OBJC_MSGSEND = YES;
				ENABLE_USER_SCRIPT_SANDBOXING = YES;
				GCC_C_LANGUAGE_STANDARD = gnu17;
				GCC_NO_COMMON_BLOCKS = YES;
				GCC_WARN_64_TO_32_BIT_CONVERSION = YES;
				GCC_WARN_ABOUT_RETURN_TYPE = YES_ERROR;
				GCC_WARN_UNDECLARED_SELECTOR = YES;
				GCC_WARN_UNINITIALIZED_AUTOS = YES_AGGRESSIVE;
				GCC_WARN_UNUSED_FUNCTION = YES;
				GCC_WARN_UNUSED_VARIABLE = YES;
				IPHONEOS_DEPLOYMENT_TARGET = 18.1;
				LOCALIZATION_PREFERS_STRING_CATALOGS = YES;
				MTL_ENABLE_DEBUG_INFO = NO;
				MTL_FAST_MATH = YES;
				SDKROOT = iphoneos;
				SWIFT_COMPILATION_MODE = wholemodule;
				VALIDATE_PRODUCT = YES;
			};
			name = Release;
		};
		A38A555E2CD9BC6500F61B59 /* Debug */ = {
			isa = XCBuildConfiguration;
			buildSettings = {
				ASSETCATALOG_COMPILER_APPICON_NAME = AppIcon;
				ASSETCATALOG_COMPILER_GLOBAL_ACCENT_COLOR_NAME = AccentColor;
				CODE_SIGN_STYLE = Automatic;
				CURRENT_PROJECT_VERSION = 1;
				DEVELOPMENT_ASSET_PATHS = "\"nplusone/Preview Content\"";
				DEVELOPMENT_TEAM = C55UWFYY9X;
				ENABLE_PREVIEWS = YES;
				GENERATE_INFOPLIST_FILE = YES;
				INFOPLIST_KEY_UIApplicationSceneManifest_Generation = YES;
				INFOPLIST_KEY_UIApplicationSupportsIndirectInputEvents = YES;
				INFOPLIST_KEY_UILaunchScreen_Generation = YES;
				INFOPLIST_KEY_UISupportedInterfaceOrientations_iPad = "UIInterfaceOrientationPortrait UIInterfaceOrientationPortraitUpsideDown UIInterfaceOrientationLandscapeLeft UIInterfaceOrientationLandscapeRight";
				INFOPLIST_KEY_UISupportedInterfaceOrientations_iPhone = "UIInterfaceOrientationPortrait UIInterfaceOrientationLandscapeLeft UIInterfaceOrientationLandscapeRight";
				LD_RUNPATH_SEARCH_PATHS = (
					"$(inherited)",
					"@executable_path/Frameworks",
				);
				MARKETING_VERSION = 1.0;
				PRODUCT_BUNDLE_IDENTIFIER = com.ride.nplusone;
				PRODUCT_NAME = "$(TARGET_NAME)";
				SWIFT_EMIT_LOC_STRINGS = YES;
				SWIFT_VERSION = 5.0;
				TARGETED_DEVICE_FAMILY = "1,2";
			};
			name = Debug;
		};
		A38A555F2CD9BC6500F61B59 /* Release */ = {
			isa = XCBuildConfiguration;
			buildSettings = {
				ASSETCATALOG_COMPILER_APPICON_NAME = AppIcon;
				ASSETCATALOG_COMPILER_GLOBAL_ACCENT_COLOR_NAME = AccentColor;
				CODE_SIGN_STYLE = Automatic;
				CURRENT_PROJECT_VERSION = 1;
				DEVELOPMENT_ASSET_PATHS = "\"nplusone/Preview Content\"";
				DEVELOPMENT_TEAM = C55UWFYY9X;
				ENABLE_PREVIEWS = YES;
				GENERATE_INFOPLIST_FILE = YES;
				INFOPLIST_KEY_UIApplicationSceneManifest_Generation = YES;
				INFOPLIST_KEY_UIApplicationSupportsIndirectInputEvents = YES;
				INFOPLIST_KEY_UILaunchScreen_Generation = YES;
				INFOPLIST_KEY_UISupportedInterfaceOrientations_iPad = "UIInterfaceOrientationPortrait UIInterfaceOrientationPortraitUpsideDown UIInterfaceOrientationLandscapeLeft UIInterfaceOrientationLandscapeRight";
				INFOPLIST_KEY_UISupportedInterfaceOrientations_iPhone = "UIInterfaceOrientationPortrait UIInterfaceOrientationLandscapeLeft UIInterfaceOrientationLandscapeRight";
				LD_RUNPATH_SEARCH_PATHS = (
					"$(inherited)",
					"@executable_path/Frameworks",
				);
				MARKETING_VERSION = 1.0;
				PRODUCT_BUNDLE_IDENTIFIER = com.ride.nplusone;
				PRODUCT_NAME = "$(TARGET_NAME)";
				SWIFT_EMIT_LOC_STRINGS = YES;
				SWIFT_VERSION = 5.0;
				TARGETED_DEVICE_FAMILY = "1,2";
			};
			name = Release;
		};
		A38A55612CD9BC6500F61B59 /* Debug */ = {
			isa = XCBuildConfiguration;
			buildSettings = {
				BUNDLE_LOADER = "$(TEST_HOST)";
				CODE_SIGN_STYLE = Automatic;
				CURRENT_PROJECT_VERSION = 1;
				DEVELOPMENT_TEAM = C55UWFYY9X;
				GENERATE_INFOPLIST_FILE = YES;
				IPHONEOS_DEPLOYMENT_TARGET = 18.1;
				MARKETING_VERSION = 1.0;
				PRODUCT_BUNDLE_IDENTIFIER = com.ride.nplusoneTests;
				PRODUCT_NAME = "$(TARGET_NAME)";
				SWIFT_EMIT_LOC_STRINGS = NO;
				SWIFT_VERSION = 5.0;
				TARGETED_DEVICE_FAMILY = "1,2";
				TEST_HOST = "$(BUILT_PRODUCTS_DIR)/nplusone.app/$(BUNDLE_EXECUTABLE_FOLDER_PATH)/nplusone";
			};
			name = Debug;
		};
		A38A55622CD9BC6500F61B59 /* Release */ = {
			isa = XCBuildConfiguration;
			buildSettings = {
				BUNDLE_LOADER = "$(TEST_HOST)";
				CODE_SIGN_STYLE = Automatic;
				CURRENT_PROJECT_VERSION = 1;
				DEVELOPMENT_TEAM = C55UWFYY9X;
				GENERATE_INFOPLIST_FILE = YES;
				IPHONEOS_DEPLOYMENT_TARGET = 18.1;
				MARKETING_VERSION = 1.0;
				PRODUCT_BUNDLE_IDENTIFIER = com.ride.nplusoneTests;
				PRODUCT_NAME = "$(TARGET_NAME)";
				SWIFT_EMIT_LOC_STRINGS = NO;
				SWIFT_VERSION = 5.0;
				TARGETED_DEVICE_FAMILY = "1,2";
				TEST_HOST = "$(BUILT_PRODUCTS_DIR)/nplusone.app/$(BUNDLE_EXECUTABLE_FOLDER_PATH)/nplusone";
			};
			name = Release;
		};
		A38A55642CD9BC6500F61B59 /* Debug */ = {
			isa = XCBuildConfiguration;
			buildSettings = {
				CODE_SIGN_STYLE = Automatic;
				CURRENT_PROJECT_VERSION = 1;
				DEVELOPMENT_TEAM = C55UWFYY9X;
				GENERATE_INFOPLIST_FILE = YES;
				MARKETING_VERSION = 1.0;
				PRODUCT_BUNDLE_IDENTIFIER = com.ride.nplusoneUITests;
				PRODUCT_NAME = "$(TARGET_NAME)";
				SWIFT_EMIT_LOC_STRINGS = NO;
				SWIFT_VERSION = 5.0;
				TARGETED_DEVICE_FAMILY = "1,2";
				TEST_TARGET_NAME = nplusone;
			};
			name = Debug;
		};
		A38A55652CD9BC6500F61B59 /* Release */ = {
			isa = XCBuildConfiguration;
			buildSettings = {
				CODE_SIGN_STYLE = Automatic;
				CURRENT_PROJECT_VERSION = 1;
				DEVELOPMENT_TEAM = C55UWFYY9X;
				GENERATE_INFOPLIST_FILE = YES;
				MARKETING_VERSION = 1.0;
				PRODUCT_BUNDLE_IDENTIFIER = com.ride.nplusoneUITests;
				PRODUCT_NAME = "$(TARGET_NAME)";
				SWIFT_EMIT_LOC_STRINGS = NO;
				SWIFT_VERSION = 5.0;
				TARGETED_DEVICE_FAMILY = "1,2";
				TEST_TARGET_NAME = nplusone;
			};
			name = Release;
		};
/* End XCBuildConfiguration section */

/* Begin XCConfigurationList section */
		A38A552F2CD9BC6300F61B59 /* Build configuration list for PBXProject "nplusone" */ = {
			isa = XCConfigurationList;
			buildConfigurations = (
				A38A555B2CD9BC6500F61B59 /* Debug */,
				A38A555C2CD9BC6500F61B59 /* Release */,
			);
			defaultConfigurationIsVisible = 0;
			defaultConfigurationName = Release;
		};
		A38A555D2CD9BC6500F61B59 /* Build configuration list for PBXNativeTarget "nplusone" */ = {
			isa = XCConfigurationList;
			buildConfigurations = (
				A38A555E2CD9BC6500F61B59 /* Debug */,
				A38A555F2CD9BC6500F61B59 /* Release */,
			);
			defaultConfigurationIsVisible = 0;
			defaultConfigurationName = Release;
		};
		A38A55602CD9BC6500F61B59 /* Build configuration list for PBXNativeTarget "nplusoneTests" */ = {
			isa = XCConfigurationList;
			buildConfigurations = (
				A38A55612CD9BC6500F61B59 /* Debug */,
				A38A55622CD9BC6500F61B59 /* Release */,
			);
			defaultConfigurationIsVisible = 0;
			defaultConfigurationName = Release;
		};
		A38A55632CD9BC6500F61B59 /* Build configuration list for PBXNativeTarget "nplusoneUITests" */ = {
			isa = XCConfigurationList;
			buildConfigurations = (
				A38A55642CD9BC6500F61B59 /* Debug */,
				A38A55652CD9BC6500F61B59 /* Release */,
			);
			defaultConfigurationIsVisible = 0;
			defaultConfigurationName = Release;
		};
/* End XCConfigurationList section */
	};
	rootObject = A38A552C2CD9BC6300F61B59 /* Project object */;
}
